
Microsoft Visual Studio Solution File, Format Version 12.00
# Visual Studio Version 16
VisualStudioVersion = 16.0.29409.12
MinimumVisualStudioVersion = 10.0.40219.1
Project("{FAE04EC0-301F-11D3-BF4B-00C04F79EFBC}") = "AppTodo", "AppTodo\AppTodo.csproj", "{3EA4E92E-7F30-4564-8723-BCBD7AE5DDF5}"
EndProject
Global
	GlobalSection(SolutionConfigurationPlatforms) = preSolution
		Debug|Any CPU = Debug|Any CPU
		Release|Any CPU = Release|Any CPU
	EndGlobalSection
	GlobalSection(ProjectConfigurationPlatforms) = postSolution
		{3EA4E92E-7F30-4564-8723-BCBD7AE5DDF5}.Debug|Any CPU.ActiveCfg = Debug|Any CPU
		{3EA4E92E-7F30-4564-8723-BCBD7AE5DDF5}.Debug|Any CPU.Build.0 = Debug|Any CPU
		{3EA4E92E-7F30-4564-8723-BCBD7AE5DDF5}.Release|Any CPU.ActiveCfg = Release|Any CPU
		{3EA4E92E-7F30-4564-8723-BCBD7AE5DDF5}.Release|Any CPU.Build.0 = Release|Any CPU
	EndGlobalSection
	GlobalSection(SolutionProperties) = preSolution
		HideSolutionNode = FALSE
	EndGlobalSection
	GlobalSection(ExtensibilityGlobals) = postSolution
		SolutionGuid = {DA998B9C-F01D-4D31-88DE-CE2D2D3EE38B}
	EndGlobalSection
EndGlobal
